{
  "name": "@limbo/reactivity",
  "requires": true,
  "lockfileVersion": 1,
  "dependencies": {
    "@vue/reactivity": {
      "version": "3.0.2",
      "resolved": "https://registry.npm.taobao.org/@vue/reactivity/download/@vue/reactivity-3.0.2.tgz",
      "integrity": "sha1-Qu1a9gJbSUpeabBRafzd8E7r/nc=",
      "requires": {
        "@vue/shared": "3.0.2"
      }
    },
    "@vue/shared": {
      "version": "3.0.2",
      "resolved": "https://registry.npm.taobao.org/@vue/shared/download/@vue/shared-3.0.2.tgz",
      "integrity": "sha1-QZvYWi69vU9Clj6YxaGxA0Uhdtk="
    },
    "lodash.debounce": {
      "version": "4.0.8",
      "resolved": "https://registry.npm.taobao.org/lodash.debounce/download/lodash.debounce-4.0.8.tgz",
      "integrity": "sha1-gteb/zCmfEAF/9XiUVMArZyk168="
    },
    "lodash.isequal": {
      "version": "4.5.0",
      "resolved": "https://registry.npm.taobao.org/lodash.isequal/download/lodash.isequal-4.5.0.tgz?cache=0&sync_timestamp=1586264002855&other_urls=https%3A%2F%2Fregistry.npm.taobao.org%2Flodash.isequal%2Fdownload%2Flodash.isequal-4.5.0.tgz",
      "integrity": "sha1-QVxEePK8wwEgwizhDtMib30+GOA="
    },
    "lodash.throttle": {
      "version": "4.1.1",
      "resolved": "https://registry.npm.taobao.org/lodash.throttle/download/lodash.throttle-4.1.1.tgz",
      "integrity": "sha1-wj6RtxAkKscMN/HhzaknTMOb8vQ="
    },
    "reactivity-hooks": {
      "version": "0.0.1",
      "resolved": "https://registry.npm.taobao.org/reactivity-hooks/download/reactivity-hooks-0.0.1.tgz",
      "integrity": "sha1-f1X39WCnMafhgypyVzFudwehiuM=",
      "requires": {
        "@vue/reactivity": "^3.0.0-beta.18",
        "lodash.debounce": "^4.0.8",
        "lodash.isequal": "^4.5.0",
        "lodash.throttle": "^4.1.1"
      }
    }
  }
}
